
Microsoft Visual Studio Solution File, Format Version 12.00
# Visual Studio Version 17
VisualStudioVersion = 17.4.33205.214
MinimumVisualStudioVersion = 10.0.40219.1
Project("{2150E333-8FDC-42A3-9474-1A3956D46DE8}") = "Server", "Server", "{1F70EF1F-95F9-43F6-91D4-37E981861F9B}"
EndProject
Project("{9A19103F-16F7-4668-BE54-9A1E7A4F7556}") = "Server", "Server\Server.csproj", "{93153FAF-692E-4E82-98F1-29A16E2199C8}"
EndProject
Project("{2150E333-8FDC-42A3-9474-1A3956D46DE8}") = "Client", "Client", "{7FAA66FE-FE4F-468F-AADE-EC0ABF1E74D1}"
EndProject
Project("{9A19103F-16F7-4668-BE54-9A1E7A4F7556}") = "Client", "Client\Client.csproj", "{1F7850BC-65B3-4DD5-977B-66715E2306A8}"
EndProject
Global
	GlobalSection(SolutionConfigurationPlatforms) = preSolution
		Debug|Any CPU = Debug|Any CPU
		Release|Any CPU = Release|Any CPU
	EndGlobalSection
	GlobalSection(ProjectConfigurationPlatforms) = postSolution
		{93153FAF-692E-4E82-98F1-29A16E2199C8}.Debug|Any CPU.ActiveCfg = Debug|Any CPU
		{93153FAF-692E-4E82-98F1-29A16E2199C8}.Debug|Any CPU.Build.0 = Debug|Any CPU
		{93153FAF-692E-4E82-98F1-29A16E2199C8}.Release|Any CPU.ActiveCfg = Release|Any CPU
		{93153FAF-692E-4E82-98F1-29A16E2199C8}.Release|Any CPU.Build.0 = Release|Any CPU
		{1F7850BC-65B3-4DD5-977B-66715E2306A8}.Debug|Any CPU.ActiveCfg = Debug|Any CPU
		{1F7850BC-65B3-4DD5-977B-66715E2306A8}.Debug|Any CPU.Build.0 = Debug|Any CPU
		{1F7850BC-65B3-4DD5-977B-66715E2306A8}.Release|Any CPU.ActiveCfg = Release|Any CPU
		{1F7850BC-65B3-4DD5-977B-66715E2306A8}.Release|Any CPU.Build.0 = Release|Any CPU
	EndGlobalSection
	GlobalSection(SolutionProperties) = preSolution
		HideSolutionNode = FALSE
	EndGlobalSection
	GlobalSection(NestedProjects) = preSolution
		{93153FAF-692E-4E82-98F1-29A16E2199C8} = {1F70EF1F-95F9-43F6-91D4-37E981861F9B}
		{1F7850BC-65B3-4DD5-977B-66715E2306A8} = {7FAA66FE-FE4F-468F-AADE-EC0ABF1E74D1}
	EndGlobalSection
	GlobalSection(ExtensibilityGlobals) = postSolution
		SolutionGuid = {B384E262-9768-463D-9BEE-97D7C9CBC192}
	EndGlobalSection
EndGlobal
